
Microsoft Visual Studio Solution File, Format Version 12.00
# Visual Studio Version 16
VisualStudioVersion = 16.0.30907.101
MinimumVisualStudioVersion = 10.0.40219.1
Project("{FAE04EC0-301F-11D3-BF4B-00C04F79EFBC}") = "WebApplication2", "WebApplication2\WebApplication2.csproj", "{82AF1467-2F41-4757-9E79-98AD4B4C26E6}"
EndProject
Global
	GlobalSection(SolutionConfigurationPlatforms) = preSolution
		Debug|Any CPU = Debug|Any CPU
		Release|Any CPU = Release|Any CPU
	EndGlobalSection
	GlobalSection(ProjectConfigurationPlatforms) = postSolution
		{82AF1467-2F41-4757-9E79-98AD4B4C26E6}.Debug|Any CPU.ActiveCfg = Debug|Any CPU
		{82AF1467-2F41-4757-9E79-98AD4B4C26E6}.Debug|Any CPU.Build.0 = Debug|Any CPU
		{82AF1467-2F41-4757-9E79-98AD4B4C26E6}.Release|Any CPU.ActiveCfg = Release|Any CPU
		{82AF1467-2F41-4757-9E79-98AD4B4C26E6}.Release|Any CPU.Build.0 = Release|Any CPU
	EndGlobalSection
	GlobalSection(SolutionProperties) = preSolution
		HideSolutionNode = FALSE
	EndGlobalSection
	GlobalSection(ExtensibilityGlobals) = postSolution
		SolutionGuid = {716A12B2-346C-470F-8B6D-4E92B74E1B82}
	EndGlobalSection
EndGlobal
